
Microsoft Visual Studio Solution File, Format Version 12.00
# Visual Studio 15
VisualStudioVersion = 15.0.26430.14
MinimumVisualStudioVersion = 10.0.40219.1
Project("{8BC9CEB8-8B4A-11D0-8D11-00A0C91BC942}") = "wrt_nums", "wrt_nums.vcxproj", "{6474DF6A-09E8-4BD0-AD92-577986A910C3}"
EndProject
Global
	GlobalSection(SolutionConfigurationPlatforms) = preSolution
		Debug|Win32 = Debug|Win32
		Debug|x86 = Debug|x86
		Release|Win32 = Release|Win32
		Release|x86 = Release|x86
	EndGlobalSection
	GlobalSection(ProjectConfigurationPlatforms) = postSolution
		{6474DF6A-09E8-4BD0-AD92-577986A910C3}.Debug|Win32.ActiveCfg = Debug|Win32
		{6474DF6A-09E8-4BD0-AD92-577986A910C3}.Debug|Win32.Build.0 = Debug|Win32
		{6474DF6A-09E8-4BD0-AD92-577986A910C3}.Debug|x86.ActiveCfg = Debug|Win32
		{6474DF6A-09E8-4BD0-AD92-577986A910C3}.Debug|x86.Build.0 = Debug|Win32
		{6474DF6A-09E8-4BD0-AD92-577986A910C3}.Release|Win32.ActiveCfg = Release|Win32
		{6474DF6A-09E8-4BD0-AD92-577986A910C3}.Release|Win32.Build.0 = Release|Win32
		{6474DF6A-09E8-4BD0-AD92-577986A910C3}.Release|x86.ActiveCfg = Release|Win32
		{6474DF6A-09E8-4BD0-AD92-577986A910C3}.Release|x86.Build.0 = Release|Win32
	EndGlobalSection
	GlobalSection(SolutionProperties) = preSolution
		HideSolutionNode = FALSE
	EndGlobalSection
EndGlobal
