
Microsoft Visual Studio Solution File, Format Version 12.00
# Visual Studio 15
VisualStudioVersion = 15.0.26430.14
MinimumVisualStudioVersion = 10.0.40219.1
Project("{8BC9CEB8-8B4A-11D0-8D11-00A0C91BC942}") = "lottery", "lottery.vcxproj", "{60E3F4A8-1363-46F5-BCB5-709424E47D77}"
EndProject
Global
	GlobalSection(SolutionConfigurationPlatforms) = preSolution
		Debug|Win32 = Debug|Win32
		Release|Win32 = Release|Win32
	EndGlobalSection
	GlobalSection(ProjectConfigurationPlatforms) = postSolution
		{60E3F4A8-1363-46F5-BCB5-709424E47D77}.Debug|Win32.ActiveCfg = Debug|Win32
		{60E3F4A8-1363-46F5-BCB5-709424E47D77}.Debug|Win32.Build.0 = Debug|Win32
		{60E3F4A8-1363-46F5-BCB5-709424E47D77}.Release|Win32.ActiveCfg = Release|Win32
		{60E3F4A8-1363-46F5-BCB5-709424E47D77}.Release|Win32.Build.0 = Release|Win32
	EndGlobalSection
	GlobalSection(SolutionProperties) = preSolution
		HideSolutionNode = FALSE
	EndGlobalSection
EndGlobal
