<?xml version="1.0" encoding="utf-8"?>
<Project ToolsVersion="4.0" xmlns="http://schemas.microsoft.com/developer/msbuild/2003">
  <ItemGroup>
    <Filter Include="Source Files">
      <UniqueIdentifier>{9acaaf11-2806-48da-8e6e-65e6c920e66e}</UniqueIdentifier>
      <Extensions>.c</Extensions>
    </Filter>
    <Filter Include="Header Files">
      <UniqueIdentifier>{3ef6a82f-792f-4429-914c-f2e971c39191}</UniqueIdentifier>
      <Extensions>.h</Extensions>
    </Filter>
  </ItemGroup>
  <ItemGroup>
    <ClCompile Include="dstack.c">
      <Filter>Source Files</Filter>
    </ClCompile>
    <ClCompile Include="usestack.c">
      <Filter>Source Files</Filter>
    </ClCompile>
  </ItemGroup>
  <ItemGroup>
    <ClInclude Include="dstack.h">
      <Filter>Header Files</Filter>
    </ClInclude>
  </ItemGroup>
</Project>