
Microsoft Visual Studio Solution File, Format Version 12.00
# Visual Studio 15
VisualStudioVersion = 15.0.26430.14
MinimumVisualStudioVersion = 10.0.40219.1
Project("{8BC9CEB8-8B4A-11D0-8D11-00A0C91BC942}") = "slen", "slen.vcxproj", "{D409227E-76FE-4F9F-BB7C-DE62832FEE01}"
EndProject
Global
	GlobalSection(SolutionConfigurationPlatforms) = preSolution
		Debug|Win32 = Debug|Win32
		Release|Win32 = Release|Win32
	EndGlobalSection
	GlobalSection(ProjectConfigurationPlatforms) = postSolution
		{D409227E-76FE-4F9F-BB7C-DE62832FEE01}.Debug|Win32.ActiveCfg = Debug|Win32
		{D409227E-76FE-4F9F-BB7C-DE62832FEE01}.Debug|Win32.Build.0 = Debug|Win32
		{D409227E-76FE-4F9F-BB7C-DE62832FEE01}.Release|Win32.ActiveCfg = Release|Win32
		{D409227E-76FE-4F9F-BB7C-DE62832FEE01}.Release|Win32.Build.0 = Release|Win32
	EndGlobalSection
	GlobalSection(SolutionProperties) = preSolution
		HideSolutionNode = FALSE
	EndGlobalSection
EndGlobal
