<?xml version="1.0" encoding="utf-8"?>
<Project ToolsVersion="4.0" xmlns="http://schemas.microsoft.com/developer/msbuild/2003">
  <ItemGroup>
    <Filter Include="Source Files">
      <UniqueIdentifier>{509bf05a-a805-4886-9ec1-098b104ef14b}</UniqueIdentifier>
      <Extensions>.c</Extensions>
    </Filter>
    <Filter Include="Header Files">
      <UniqueIdentifier>{30653158-8047-4e35-97be-0193c1197c89}</UniqueIdentifier>
      <Extensions>.h</Extensions>
    </Filter>
  </ItemGroup>
  <ItemGroup>
    <ClCompile Include="dstack.c">
      <Filter>Source Files</Filter>
    </ClCompile>
    <ClCompile Include="usestack.c">
      <Filter>Source Files</Filter>
    </ClCompile>
  </ItemGroup>
  <ItemGroup>
    <ClInclude Include="dstack.h">
      <Filter>Header Files</Filter>
    </ClInclude>
  </ItemGroup>
</Project>