<?xml version="1.0" encoding="utf-8"?>
<Project ToolsVersion="4.0" xmlns="http://schemas.microsoft.com/developer/msbuild/2003">
  <ItemGroup>
    <Filter Include="Source Files">
      <UniqueIdentifier>{106db124-de17-4e12-937d-07b85520117f}</UniqueIdentifier>
      <Extensions>.c</Extensions>
    </Filter>
    <Filter Include="Header Files">
      <UniqueIdentifier>{a593987e-2b9d-4c71-8705-80de0aa7bddf}</UniqueIdentifier>
      <Extensions>.h</Extensions>
    </Filter>
  </ItemGroup>
  <ItemGroup>
    <ClCompile Include="readkbd.c">
      <Filter>Source Files</Filter>
    </ClCompile>
    <ClCompile Include="treecode.c">
      <Filter>Source Files</Filter>
    </ClCompile>
  </ItemGroup>
  <ItemGroup>
    <ClInclude Include="treecode.h">
      <Filter>Header Files</Filter>
    </ClInclude>
  </ItemGroup>
</Project>