<?xml version="1.0" encoding="utf-8"?>
<Project ToolsVersion="4.0" xmlns="http://schemas.microsoft.com/developer/msbuild/2003">
  <ItemGroup>
    <Filter Include="Source Files">
      <UniqueIdentifier>{4c8fc8ee-bfdf-4938-8b64-9c1dbb0388e1}</UniqueIdentifier>
      <Extensions>.c</Extensions>
    </Filter>
    <Filter Include="Header Files">
      <UniqueIdentifier>{585ffb08-5861-430c-b9b8-c4bd4a9ab8b3}</UniqueIdentifier>
      <Extensions>.h</Extensions>
    </Filter>
  </ItemGroup>
  <ItemGroup>
    <ClCompile Include="disp_db.c">
      <Filter>Source Files</Filter>
    </ClCompile>
  </ItemGroup>
  <ItemGroup>
    <ClInclude Include="elem.h">
      <Filter>Header Files</Filter>
    </ClInclude>
  </ItemGroup>
</Project>