<?xml version="1.0" encoding="utf-8"?>
<Project ToolsVersion="4.0" xmlns="http://schemas.microsoft.com/developer/msbuild/2003">
  <ItemGroup>
    <Filter Include="Source Files">
      <UniqueIdentifier>{946c7437-4635-4d46-9bcb-b16b6662ff03}</UniqueIdentifier>
      <Extensions>.c</Extensions>
    </Filter>
    <Filter Include="Header Files">
      <UniqueIdentifier>{ba90de8e-71d9-44e3-bc8a-2ae7f4f17e59}</UniqueIdentifier>
      <Extensions>.h</Extensions>
    </Filter>
  </ItemGroup>
  <ItemGroup>
    <ClCompile Include="listcode.c">
      <Filter>Source Files</Filter>
    </ClCompile>
    <ClCompile Include="readkbd.c">
      <Filter>Source Files</Filter>
    </ClCompile>
  </ItemGroup>
  <ItemGroup>
    <ClInclude Include="listcode.h">
      <Filter>Header Files</Filter>
    </ClInclude>
  </ItemGroup>
</Project>