
Microsoft Visual Studio Solution File, Format Version 12.00
# Visual Studio 15
VisualStudioVersion = 15.0.26430.14
MinimumVisualStudioVersion = 10.0.40219.1
Project("{8BC9CEB8-8B4A-11D0-8D11-00A0C91BC942}") = "arryplay", "arryplay.vcxproj", "{72D5AA33-5F2D-4E83-A7B3-09DB3A39318D}"
EndProject
Global
	GlobalSection(SolutionConfigurationPlatforms) = preSolution
		Debug|x86 = Debug|x86
		Release|x86 = Release|x86
	EndGlobalSection
	GlobalSection(ProjectConfigurationPlatforms) = postSolution
		{72D5AA33-5F2D-4E83-A7B3-09DB3A39318D}.Debug|x86.ActiveCfg = Debug|Win32
		{72D5AA33-5F2D-4E83-A7B3-09DB3A39318D}.Debug|x86.Build.0 = Debug|Win32
		{72D5AA33-5F2D-4E83-A7B3-09DB3A39318D}.Release|x86.ActiveCfg = Release|Win32
		{72D5AA33-5F2D-4E83-A7B3-09DB3A39318D}.Release|x86.Build.0 = Release|Win32
	EndGlobalSection
	GlobalSection(SolutionProperties) = preSolution
		HideSolutionNode = FALSE
	EndGlobalSection
EndGlobal
