
Microsoft Visual Studio Solution File, Format Version 12.00
# Visual Studio 15
VisualStudioVersion = 15.0.26430.14
MinimumVisualStudioVersion = 10.0.40219.1
Project("{8BC9CEB8-8B4A-11D0-8D11-00A0C91BC942}") = "Link2", "Link2.vcxproj", "{D12554CC-60D1-4751-8197-39FE3C4A730D}"
EndProject
Global
	GlobalSection(SolutionConfigurationPlatforms) = preSolution
		Debug|Win32 = Debug|Win32
		Release|Win32 = Release|Win32
	EndGlobalSection
	GlobalSection(ProjectConfigurationPlatforms) = postSolution
		{D12554CC-60D1-4751-8197-39FE3C4A730D}.Debug|Win32.ActiveCfg = Debug|Win32
		{D12554CC-60D1-4751-8197-39FE3C4A730D}.Debug|Win32.Build.0 = Debug|Win32
		{D12554CC-60D1-4751-8197-39FE3C4A730D}.Release|Win32.ActiveCfg = Release|Win32
		{D12554CC-60D1-4751-8197-39FE3C4A730D}.Release|Win32.Build.0 = Release|Win32
	EndGlobalSection
	GlobalSection(SolutionProperties) = preSolution
		HideSolutionNode = FALSE
	EndGlobalSection
EndGlobal
